{
  "name": "day4_pm",
  "version": "1.0.0",
  "lockfileVersion": 1,
  "requires": true,
  "dependencies": {
    "5": {
      "version": "0.0.1",
      "resolved": "https://registry.npmjs.org/5/-/5-0.0.1.tgz",
      "integrity": "sha1-ikpWujz1Ea4Rep0Plc/O+OEAoxw="
    },
    "five": {
      "version": "0.8.0",
      "resolved": "https://registry.npmjs.org/five/-/five-0.8.0.tgz",
      "integrity": "sha1-573pfSEmXHDBReGwn4eeQdktnHU="
    }
  }
}
